// !$*UTF8*$!
{
	archiveVersion = 1;
	classes = {
	};
	objectVersion = 56;
	objects = {

/* Begin PBXBuildFile section */
		8AA463862BAD0715007E71E9 /* HAR_DEMO_3App.swift in Sources */ = {isa = PBXBuildFile; fileRef = 8AA463852BAD0715007E71E9 /* HAR_DEMO_3App.swift */; };
		8AA463882BAD0715007E71E9 /* ContentView.swift in Sources */ = {isa = PBXBuildFile; fileRef = 8AA463872BAD0715007E71E9 /* ContentView.swift */; };
		8AA4638A2BAD0718007E71E9 /* Assets.xcassets in Resources */ = {isa = PBXBuildFile; fileRef = 8AA463892BAD0718007E71E9 /* Assets.xcassets */; };
		8AA4638D2BAD0718007E71E9 /* Preview Assets.xcassets in Resources */ = {isa = PBXBuildFile; fileRef = 8AA4638C2BAD0718007E71E9 /* Preview Assets.xcassets */; };
		8AA463972BAD0718007E71E9 /* HAR_DEMO_3Tests.swift in Sources */ = {isa = PBXBuildFile; fileRef = 8AA463962BAD0718007E71E9 /* HAR_DEMO_3Tests.swift */; };
		8AA463A12BAD0718007E71E9 /* HAR_DEMO_3UITests.swift in Sources */ = {isa = PBXBuildFile; fileRef = 8AA463A02BAD0718007E71E9 /* HAR_DEMO_3UITests.swift */; };
		8AA463A32BAD0718007E71E9 /* HAR_DEMO_3UITestsLaunchTests.swift in Sources */ = {isa = PBXBuildFile; fileRef = 8AA463A22BAD0718007E71E9 /* HAR_DEMO_3UITestsLaunchTests.swift */; };
/* End PBXBuildFile section */

/* Begin PBXContainerItemProxy section */
		8AA463932BAD0718007E71E9 /* PBXContainerItemProxy */ = {
			isa = PBXContainerItemProxy;
			containerPortal = 8AA4637A2BAD0715007E71E9 /* Project object */;
			proxyType = 1;
			remoteGlobalIDString = 8AA463812BAD0715007E71E9;
			remoteInfo = "HAR_DEMO#3";
		};
		8AA4639D2BAD0718007E71E9 /* PBXContainerItemProxy */ = {
			isa = PBXContainerItemProxy;
			containerPortal = 8AA4637A2BAD0715007E71E9 /* Project object */;
			proxyType = 1;
			remoteGlobalIDString = 8AA463812BAD0715007E71E9;
			remoteInfo = "HAR_DEMO#3";
		};
/* End PBXContainerItemProxy section */

/* Begin PBXFileReference section */
		8AA463822BAD0715007E71E9 /* HAR_DEMO#3.app */ = {isa = PBXFileReference; explicitFileType = wrapper.application; includeInIndex = 0; path = "HAR_DEMO#3.app"; sourceTree = BUILT_PRODUCTS_DIR; };
		8AA463852BAD0715007E71E9 /* HAR_DEMO_3App.swift */ = {isa = PBXFileReference; lastKnownFileType = sourcecode.swift; path = HAR_DEMO_3App.swift; sourceTree = "<group>"; };
		8AA463872BAD0715007E71E9 /* ContentView.swift */ = {isa = PBXFileReference; lastKnownFileType = sourcecode.swift; path = ContentView.swift; sourceTree = "<group>"; };
		8AA463892BAD0718007E71E9 /* Assets.xcassets */ = {isa = PBXFileReference; lastKnownFileType = folder.assetcatalog; path = Assets.xcassets; sourceTree = "<group>"; };
		8AA4638C2BAD0718007E71E9 /* Preview Assets.xcassets */ = {isa = PBXFileReference; lastKnownFileType = folder.assetcatalog; path = "Preview Assets.xcassets"; sourceTree = "<group>"; };
		8AA463922BAD0718007E71E9 /* HAR_DEMO#3Tests.xctest */ = {isa = PBXFileReference; explicitFileType = wrapper.cfbundle; includeInIndex = 0; path = "HAR_DEMO#3Tests.xctest"; sourceTree = BUILT_PRODUCTS_DIR; };
		8AA463962BAD0718007E71E9 /* HAR_DEMO_3Tests.swift */ = {isa = PBXFileReference; lastKnownFileType = sourcecode.swift; path = HAR_DEMO_3Tests.swift; sourceTree = "<group>"; };
		8AA4639C2BAD0718007E71E9 /* HAR_DEMO#3UITests.xctest */ = {isa = PBXFileReference; explicitFileType = wrapper.cfbundle; includeInIndex = 0; path = "HAR_DEMO#3UITests.xctest"; sourceTree = BUILT_PRODUCTS_DIR; };
		8AA463A02BAD0718007E71E9 /* HAR_DEMO_3UITests.swift */ = {isa = PBXFileReference; lastKnownFileType = sourcecode.swift; path = HAR_DEMO_3UITests.swift; sourceTree = "<group>"; };
		8AA463A22BAD0718007E71E9 /* HAR_DEMO_3UITestsLaunchTests.swift */ = {isa = PBXFileReference; lastKnownFileType = sourcecode.swift; path = HAR_DEMO_3UITestsLaunchTests.swift; sourceTree = "<group>"; };
/* End PBXFileReference section */

/* Begin PBXFrameworksBuildPhase section */
		8AA4637F2BAD0715007E71E9 /* Frameworks */ = {
			isa = PBXFrameworksBuildPhase;
			buildActionMask = 2147483647;
			files = (
			);
			runOnlyForDeploymentPostprocessing = 0;
		};
		8AA4638F2BAD0718007E71E9 /* Frameworks */ = {
			isa = PBXFrameworksBuildPhase;
			buildActionMask = 2147483647;
			files = (
			);
			runOnlyForDeploymentPostprocessing = 0;
		};
		8AA463992BAD0718007E71E9 /* Frameworks */ = {
			isa = PBXFrameworksBuildPhase;
			buildActionMask = 2147483647;
			files = (
			);
			runOnlyForDeploymentPostprocessing = 0;
		};
/* End PBXFrameworksBuildPhase section */

/* Begin PBXGroup section */
		8AA463792BAD0715007E71E9 = {
			isa = PBXGroup;
			children = (
				8AA463842BAD0715007E71E9 /* HAR_DEMO#3 */,
				8AA463952BAD0718007E71E9 /* HAR_DEMO#3Tests */,
				8AA4639F2BAD0718007E71E9 /* HAR_DEMO#3UITests */,
				8AA463832BAD0715007E71E9 /* Products */,
			);
			sourceTree = "<group>";
		};
		8AA463832BAD0715007E71E9 /* Products */ = {
			isa = PBXGroup;
			children = (
				8AA463822BAD0715007E71E9 /* HAR_DEMO#3.app */,
				8AA463922BAD0718007E71E9 /* HAR_DEMO#3Tests.xctest */,
				8AA4639C2BAD0718007E71E9 /* HAR_DEMO#3UITests.xctest */,
			);
			name = Products;
			sourceTree = "<group>";
		};
		8AA463842BAD0715007E71E9 /* HAR_DEMO#3 */ = {
			isa = PBXGroup;
			children = (
				8AA463852BAD0715007E71E9 /* HAR_DEMO_3App.swift */,
				8AA463872BAD0715007E71E9 /* ContentView.swift */,
				8AA463892BAD0718007E71E9 /* Assets.xcassets */,
				8AA4638B2BAD0718007E71E9 /* Preview Content */,
			);
			path = "HAR_DEMO#3";
			sourceTree = "<group>";
		};
		8AA4638B2BAD0718007E71E9 /* Preview Content */ = {
			isa = PBXGroup;
			children = (
				8AA4638C2BAD0718007E71E9 /* Preview Assets.xcassets */,
			);
			path = "Preview Content";
			sourceTree = "<group>";
		};
		8AA463952BAD0718007E71E9 /* HAR_DEMO#3Tests */ = {
			isa = PBXGroup;
			children = (
				8AA463962BAD0718007E71E9 /* HAR_DEMO_3Tests.swift */,
			);
			path = "HAR_DEMO#3Tests";
			sourceTree = "<group>";
		};
		8AA4639F2BAD0718007E71E9 /* HAR_DEMO#3UITests */ = {
			isa = PBXGroup;
			children = (
				8AA463A02BAD0718007E71E9 /* HAR_DEMO_3UITests.swift */,
				8AA463A22BAD0718007E71E9 /* HAR_DEMO_3UITestsLaunchTests.swift */,
			);
			path = "HAR_DEMO#3UITests";
			sourceTree = "<group>";
		};
/* End PBXGroup section */

/* Begin PBXNativeTarget section */
		8AA463812BAD0715007E71E9 /* HAR_DEMO#3 */ = {
			isa = PBXNativeTarget;
			buildConfigurationList = 8AA463A62BAD0718007E71E9 /* Build configuration list for PBXNativeTarget "HAR_DEMO#3" */;
			buildPhases = (
				8AA4637E2BAD0715007E71E9 /* Sources */,
				8AA4637F2BAD0715007E71E9 /* Frameworks */,
				8AA463802BAD0715007E71E9 /* Resources */,
			);
			buildRules = (
			);
			dependencies = (
			);
			name = "HAR_DEMO#3";
			productName = "HAR_DEMO#3";
			productReference = 8AA463822BAD0715007E71E9 /* HAR_DEMO#3.app */;
			productType = "com.apple.product-type.application";
		};
		8AA463912BAD0718007E71E9 /* HAR_DEMO#3Tests */ = {
			isa = PBXNativeTarget;
			buildConfigurationList = 8AA463A92BAD0718007E71E9 /* Build configuration list for PBXNativeTarget "HAR_DEMO#3Tests" */;
			buildPhases = (
				8AA4638E2BAD0718007E71E9 /* Sources */,
				8AA4638F2BAD0718007E71E9 /* Frameworks */,
				8AA463902BAD0718007E71E9 /* Resources */,
			);
			buildRules = (
			);
			dependencies = (
				8AA463942BAD0718007E71E9 /* PBXTargetDependency */,
			);
			name = "HAR_DEMO#3Tests";
			productName = "HAR_DEMO#3Tests";
			productReference = 8AA463922BAD0718007E71E9 /* HAR_DEMO#3Tests.xctest */;
			productType = "com.apple.product-type.bundle.unit-test";
		};
		8AA4639B2BAD0718007E71E9 /* HAR_DEMO#3UITests */ = {
			isa = PBXNativeTarget;
			buildConfigurationList = 8AA463AC2BAD0718007E71E9 /* Build configuration list for PBXNativeTarget "HAR_DEMO#3UITests" */;
			buildPhases = (
				8AA463982BAD0718007E71E9 /* Sources */,
				8AA463992BAD0718007E71E9 /* Frameworks */,
				8AA4639A2BAD0718007E71E9 /* Resources */,
			);
			buildRules = (
			);
			dependencies = (
				8AA4639E2BAD0718007E71E9 /* PBXTargetDependency */,
			);
			name = "HAR_DEMO#3UITests";
			productName = "HAR_DEMO#3UITests";
			productReference = 8AA4639C2BAD0718007E71E9 /* HAR_DEMO#3UITests.xctest */;
			productType = "com.apple.product-type.bundle.ui-testing";
		};
/* End PBXNativeTarget section */

/* Begin PBXProject section */
		8AA4637A2BAD0715007E71E9 /* Project object */ = {
			isa = PBXProject;
			attributes = {
				BuildIndependentTargetsInParallel = 1;
				LastSwiftUpdateCheck = 1520;
				LastUpgradeCheck = 1520;
				TargetAttributes = {
					8AA463812BAD0715007E71E9 = {
						CreatedOnToolsVersion = 15.2;
					};
					8AA463912BAD0718007E71E9 = {
						CreatedOnToolsVersion = 15.2;
						TestTargetID = 8AA463812BAD0715007E71E9;
					};
					8AA4639B2BAD0718007E71E9 = {
						CreatedOnToolsVersion = 15.2;
						TestTargetID = 8AA463812BAD0715007E71E9;
					};
				};
			};
			buildConfigurationList = 8AA4637D2BAD0715007E71E9 /* Build configuration list for PBXProject "HAR_DEMO#3" */;
			compatibilityVersion = "Xcode 14.0";
			developmentRegion = en;
			hasScannedForEncodings = 0;
			knownRegions = (
				en,
				Base,
			);
			mainGroup = 8AA463792BAD0715007E71E9;
			productRefGroup = 8AA463832BAD0715007E71E9 /* Products */;
			projectDirPath = "";
			projectRoot = "";
			targets = (
				8AA463812BAD0715007E71E9 /* HAR_DEMO#3 */,
				8AA463912BAD0718007E71E9 /* HAR_DEMO#3Tests */,
				8AA4639B2BAD0718007E71E9 /* HAR_DEMO#3UITests */,
			);
		};
/* End PBXProject section */

/* Begin PBXResourcesBuildPhase section */
		8AA463802BAD0715007E71E9 /* Resources */ = {
			isa = PBXResourcesBuildPhase;
			buildActionMask = 2147483647;
			files = (
				8AA4638D2BAD0718007E71E9 /* Preview Assets.xcassets in Resources */,
				8AA4638A2BAD0718007E71E9 /* Assets.xcassets in Resources */,
			);
			runOnlyForDeploymentPostprocessing = 0;
		};
		8AA463902BAD0718007E71E9 /* Resources */ = {
			isa = PBXResourcesBuildPhase;
			buildActionMask = 2147483647;
			files = (
			);
			runOnlyForDeploymentPostprocessing = 0;
		};
		8AA4639A2BAD0718007E71E9 /* Resources */ = {
			isa = PBXResourcesBuildPhase;
			buildActionMask = 2147483647;
			files = (
			);
			runOnlyForDeploymentPostprocessing = 0;
		};
/* End PBXResourcesBuildPhase section */

/* Begin PBXSourcesBuildPhase section */
		8AA4637E2BAD0715007E71E9 /* Sources */ = {
			isa = PBXSourcesBuildPhase;
			buildActionMask = 2147483647;
			files = (
				8AA463882BAD0715007E71E9 /* ContentView.swift in Sources */,
				8AA463862BAD0715007E71E9 /* HAR_DEMO_3App.swift in Sources */,
			);
			runOnlyForDeploymentPostprocessing = 0;
		};
		8AA4638E2BAD0718007E71E9 /* Sources */ = {
			isa = PBXSourcesBuildPhase;
			buildActionMask = 2147483647;
			files = (
				8AA463972BAD0718007E71E9 /* HAR_DEMO_3Tests.swift in Sources */,
			);
			runOnlyForDeploymentPostprocessing = 0;
		};
		8AA463982BAD0718007E71E9 /* Sources */ = {
			isa = PBXSourcesBuildPhase;
			buildActionMask = 2147483647;
			files = (
				8AA463A12BAD0718007E71E9 /* HAR_DEMO_3UITests.swift in Sources */,
				8AA463A32BAD0718007E71E9 /* HAR_DEMO_3UITestsLaunchTests.swift in Sources */,
			);
			runOnlyForDeploymentPostprocessing = 0;
		};
/* End PBXSourcesBuildPhase section */

/* Begin PBXTargetDependency section */
		8AA463942BAD0718007E71E9 /* PBXTargetDependency */ = {
			isa = PBXTargetDependency;
			target = 8AA463812BAD0715007E71E9 /* HAR_DEMO#3 */;
			targetProxy = 8AA463932BAD0718007E71E9 /* PBXContainerItemProxy */;
		};
		8AA4639E2BAD0718007E71E9 /* PBXTargetDependency */ = {
			isa = PBXTargetDependency;
			target = 8AA463812BAD0715007E71E9 /* HAR_DEMO#3 */;
			targetProxy = 8AA4639D2BAD0718007E71E9 /* PBXContainerItemProxy */;
		};
/* End PBXTargetDependency section */

/* Begin XCBuildConfiguration section */
		8AA463A42BAD0718007E71E9 /* Debug */ = {
			isa = XCBuildConfiguration;
			buildSettings = {
				ALWAYS_SEARCH_USER_PATHS = NO;
				ASSETCATALOG_COMPILER_GENERATE_SWIFT_ASSET_SYMBOL_EXTENSIONS = YES;
				CLANG_ANALYZER_NONNULL = YES;
				CLANG_ANALYZER_NUMBER_OBJECT_CONVERSION = YES_AGGRESSIVE;
				CLANG_CXX_LANGUAGE_STANDARD = "gnu++20";
				CLANG_ENABLE_MODULES = YES;
				CLANG_ENABLE_OBJC_ARC = YES;
				CLANG_ENABLE_OBJC_WEAK = YES;
				CLANG_WARN_BLOCK_CAPTURE_AUTORELEASING = YES;
				CLANG_WARN_BOOL_CONVERSION = YES;
				CLANG_WARN_COMMA = YES;
				CLANG_WARN_CONSTANT_CONVERSION = YES;
				CLANG_WARN_DEPRECATED_OBJC_IMPLEMENTATIONS = YES;
				CLANG_WARN_DIRECT_OBJC_ISA_USAGE = YES_ERROR;
				CLANG_WARN_DOCUMENTATION_COMMENTS = YES;
				CLANG_WARN_EMPTY_BODY = YES;
				CLANG_WARN_ENUM_CONVERSION = YES;
				CLANG_WARN_INFINITE_RECURSION = YES;
				CLANG_WARN_INT_CONVERSION = YES;
				CLANG_WARN_NON_LITERAL_NULL_CONVERSION = YES;
				CLANG_WARN_OBJC_IMPLICIT_RETAIN_SELF = YES;
				CLANG_WARN_OBJC_LITERAL_CONVERSION = YES;
				CLANG_WARN_OBJC_ROOT_CLASS = YES_ERROR;
				CLANG_WARN_QUOTED_INCLUDE_IN_FRAMEWORK_HEADER = YES;
				CLANG_WARN_RANGE_LOOP_ANALYSIS = YES;
				CLANG_WARN_STRICT_PROTOTYPES = YES;
				CLANG_WARN_SUSPICIOUS_MOVE = YES;
				CLANG_WARN_UNGUARDED_AVAILABILITY = YES_AGGRESSIVE;
				CLANG_WARN_UNREACHABLE_CODE = YES;
				CLANG_WARN__DUPLICATE_METHOD_MATCH = YES;
				COPY_PHASE_STRIP = NO;
				DEBUG_INFORMATION_FORMAT = dwarf;
				ENABLE_STRICT_OBJC_MSGSEND = YES;
				ENABLE_TESTABILITY = YES;
				ENABLE_USER_SCRIPT_SANDBOXING = YES;
				GCC_C_LANGUAGE_STANDARD = gnu17;
				GCC_DYNAMIC_NO_PIC = NO;
				GCC_NO_COMMON_BLOCKS = YES;
				GCC_OPTIMIZATION_LEVEL = 0;
				GCC_PREPROCESSOR_DEFINITIONS = (
					"DEBUG=1",
					"$(inherited)",
				);
				GCC_WARN_64_TO_32_BIT_CONVERSION = YES;
				GCC_WARN_ABOUT_RETURN_TYPE = YES_ERROR;
				GCC_WARN_UNDECLARED_SELECTOR = YES;
				GCC_WARN_UNINITIALIZED_AUTOS = YES_AGGRESSIVE;
				GCC_WARN_UNUSED_FUNCTION = YES;
				GCC_WARN_UNUSED_VARIABLE = YES;
				IPHONEOS_DEPLOYMENT_TARGET = 17.2;
				LOCALIZATION_PREFERS_STRING_CATALOGS = YES;
				MTL_ENABLE_DEBUG_INFO = INCLUDE_SOURCE;
				MTL_FAST_MATH = YES;
				ONLY_ACTIVE_ARCH = YES;
				SDKROOT = iphoneos;
				SWIFT_ACTIVE_COMPILATION_CONDITIONS = "DEBUG $(inherited)";
				SWIFT_OPTIMIZATION_LEVEL = "-Onone";
			};
			name = Debug;
		};
		8AA463A52BAD0718007E71E9 /* Release */ = {
			isa = XCBuildConfiguration;
			buildSettings = {
				ALWAYS_SEARCH_USER_PATHS = NO;
				ASSETCATALOG_COMPILER_GENERATE_SWIFT_ASSET_SYMBOL_EXTENSIONS = YES;
				CLANG_ANALYZER_NONNULL = YES;
				CLANG_ANALYZER_NUMBER_OBJECT_CONVERSION = YES_AGGRESSIVE;
				CLANG_CXX_LANGUAGE_STANDARD = "gnu++20";
				CLANG_ENABLE_MODULES = YES;
				CLANG_ENABLE_OBJC_ARC = YES;
				CLANG_ENABLE_OBJC_WEAK = YES;
				CLANG_WARN_BLOCK_CAPTURE_AUTORELEASING = YES;
				CLANG_WARN_BOOL_CONVERSION = YES;
				CLANG_WARN_COMMA = YES;
				CLANG_WARN_CONSTANT_CONVERSION = YES;
				CLANG_WARN_DEPRECATED_OBJC_IMPLEMENTATIONS = YES;
				CLANG_WARN_DIRECT_OBJC_ISA_USAGE = YES_ERROR;
				CLANG_WARN_DOCUMENTATION_COMMENTS = YES;
				CLANG_WARN_EMPTY_BODY = YES;
				CLANG_WARN_ENUM_CONVERSION = YES;
				CLANG_WARN_INFINITE_RECURSION = YES;
				CLANG_WARN_INT_CONVERSION = YES;
				CLANG_WARN_NON_LITERAL_NULL_CONVERSION = YES;
				CLANG_WARN_OBJC_IMPLICIT_RETAIN_SELF = YES;
				CLANG_WARN_OBJC_LITERAL_CONVERSION = YES;
				CLANG_WARN_OBJC_ROOT_CLASS = YES_ERROR;
				CLANG_WARN_QUOTED_INCLUDE_IN_FRAMEWORK_HEADER = YES;
				CLANG_WARN_RANGE_LOOP_ANALYSIS = YES;
				CLANG_WARN_STRICT_PROTOTYPES = YES;
				CLANG_WARN_SUSPICIOUS_MOVE = YES;
				CLANG_WARN_UNGUARDED_AVAILABILITY = YES_AGGRESSIVE;
				CLANG_WARN_UNREACHABLE_CODE = YES;
				CLANG_WARN__DUPLICATE_METHOD_MATCH = YES;
				COPY_PHASE_STRIP = NO;
				DEBUG_INFORMATION_FORMAT = "dwarf-with-dsym";
				ENABLE_NS_ASSERTIONS = NO;
				ENABLE_STRICT_OBJC_MSGSEND = YES;
				ENABLE_USER_SCRIPT_SANDBOXING = YES;
				GCC_C_LANGUAGE_STANDARD = gnu17;
				GCC_NO_COMMON_BLOCKS = YES;
				GCC_WARN_64_TO_32_BIT_CONVERSION = YES;
				GCC_WARN_ABOUT_RETURN_TYPE = YES_ERROR;
				GCC_WARN_UNDECLARED_SELECTOR = YES;
				GCC_WARN_UNINITIALIZED_AUTOS = YES_AGGRESSIVE;
				GCC_WARN_UNUSED_FUNCTION = YES;
				GCC_WARN_UNUSED_VARIABLE = YES;
				IPHONEOS_DEPLOYMENT_TARGET = 17.2;
				LOCALIZATION_PREFERS_STRING_CATALOGS = YES;
				MTL_ENABLE_DEBUG_INFO = NO;
				MTL_FAST_MATH = YES;
				SDKROOT = iphoneos;
				SWIFT_COMPILATION_MODE = wholemodule;
				VALIDATE_PRODUCT = YES;
			};
			name = Release;
		};
		8AA463A72BAD0718007E71E9 /* Debug */ = {
			isa = XCBuildConfiguration;
			buildSettings = {
				ASSETCATALOG_COMPILER_APPICON_NAME = AppIcon;
				ASSETCATALOG_COMPILER_GLOBAL_ACCENT_COLOR_NAME = AccentColor;
				CODE_SIGN_STYLE = Automatic;
				CURRENT_PROJECT_VERSION = 1;
				DEVELOPMENT_ASSET_PATHS = "\"HAR_DEMO#3/Preview Content\"";
				ENABLE_PREVIEWS = YES;
				GENERATE_INFOPLIST_FILE = YES;
				INFOPLIST_KEY_UIApplicationSceneManifest_Generation = YES;
				INFOPLIST_KEY_UIApplicationSupportsIndirectInputEvents = YES;
				INFOPLIST_KEY_UILaunchScreen_Generation = YES;
				INFOPLIST_KEY_UISupportedInterfaceOrientations_iPad = "UIInterfaceOrientationPortrait UIInterfaceOrientationPortraitUpsideDown UIInterfaceOrientationLandscapeLeft UIInterfaceOrientationLandscapeRight";
				INFOPLIST_KEY_UISupportedInterfaceOrientations_iPhone = "UIInterfaceOrientationPortrait UIInterfaceOrientationLandscapeLeft UIInterfaceOrientationLandscapeRight";
				LD_RUNPATH_SEARCH_PATHS = (
					"$(inherited)",
					"@executable_path/Frameworks",
				);
				MARKETING_VERSION = 1.0;
				PRODUCT_BUNDLE_IDENTIFIER = "project.HAR-DEMO-3";
				PRODUCT_NAME = "$(TARGET_NAME)";
				SWIFT_EMIT_LOC_STRINGS = YES;
				SWIFT_VERSION = 5.0;
				TARGETED_DEVICE_FAMILY = "1,2";
			};
			name = Debug;
		};
		8AA463A82BAD0718007E71E9 /* Release */ = {
			isa = XCBuildConfiguration;
			buildSettings = {
				ASSETCATALOG_COMPILER_APPICON_NAME = AppIcon;
				ASSETCATALOG_COMPILER_GLOBAL_ACCENT_COLOR_NAME = AccentColor;
				CODE_SIGN_STYLE = Automatic;
				CURRENT_PROJECT_VERSION = 1;
				DEVELOPMENT_ASSET_PATHS = "\"HAR_DEMO#3/Preview Content\"";
				ENABLE_PREVIEWS = YES;
				GENERATE_INFOPLIST_FILE = YES;
				INFOPLIST_KEY_UIApplicationSceneManifest_Generation = YES;
				INFOPLIST_KEY_UIApplicationSupportsIndirectInputEvents = YES;
				INFOPLIST_KEY_UILaunchScreen_Generation = YES;
				INFOPLIST_KEY_UISupportedInterfaceOrientations_iPad = "UIInterfaceOrientationPortrait UIInterfaceOrientationPortraitUpsideDown UIInterfaceOrientationLandscapeLeft UIInterfaceOrientationLandscapeRight";
				INFOPLIST_KEY_UISupportedInterfaceOrientations_iPhone = "UIInterfaceOrientationPortrait UIInterfaceOrientationLandscapeLeft UIInterfaceOrientationLandscapeRight";
				LD_RUNPATH_SEARCH_PATHS = (
					"$(inherited)",
					"@executable_path/Frameworks",
				);
				MARKETING_VERSION = 1.0;
				PRODUCT_BUNDLE_IDENTIFIER = "project.HAR-DEMO-3";
				PRODUCT_NAME = "$(TARGET_NAME)";
				SWIFT_EMIT_LOC_STRINGS = YES;
				SWIFT_VERSION = 5.0;
				TARGETED_DEVICE_FAMILY = "1,2";
			};
			name = Release;
		};
		8AA463AA2BAD0718007E71E9 /* Debug */ = {
			isa = XCBuildConfiguration;
			buildSettings = {
				ALWAYS_EMBED_SWIFT_STANDARD_LIBRARIES = YES;
				BUNDLE_LOADER = "$(TEST_HOST)";
				CODE_SIGN_STYLE = Automatic;
				CURRENT_PROJECT_VERSION = 1;
				GENERATE_INFOPLIST_FILE = YES;
				IPHONEOS_DEPLOYMENT_TARGET = 17.2;
				MARKETING_VERSION = 1.0;
				PRODUCT_BUNDLE_IDENTIFIER = "project.HAR-DEMO-3Tests";
				PRODUCT_NAME = "$(TARGET_NAME)";
				SWIFT_EMIT_LOC_STRINGS = NO;
				SWIFT_VERSION = 5.0;
				TARGETED_DEVICE_FAMILY = "1,2";
				TEST_HOST = "$(BUILT_PRODUCTS_DIR)/HAR_DEMO#3.app/$(BUNDLE_EXECUTABLE_FOLDER_PATH)/HAR_DEMO#3";
			};
			name = Debug;
		};
		8AA463AB2BAD0718007E71E9 /* Release */ = {
			isa = XCBuildConfiguration;
			buildSettings = {
				ALWAYS_EMBED_SWIFT_STANDARD_LIBRARIES = YES;
				BUNDLE_LOADER = "$(TEST_HOST)";
				CODE_SIGN_STYLE = Automatic;
				CURRENT_PROJECT_VERSION = 1;
				GENERATE_INFOPLIST_FILE = YES;
				IPHONEOS_DEPLOYMENT_TARGET = 17.2;
				MARKETING_VERSION = 1.0;
				PRODUCT_BUNDLE_IDENTIFIER = "project.HAR-DEMO-3Tests";
				PRODUCT_NAME = "$(TARGET_NAME)";
				SWIFT_EMIT_LOC_STRINGS = NO;
				SWIFT_VERSION = 5.0;
				TARGETED_DEVICE_FAMILY = "1,2";
				TEST_HOST = "$(BUILT_PRODUCTS_DIR)/HAR_DEMO#3.app/$(BUNDLE_EXECUTABLE_FOLDER_PATH)/HAR_DEMO#3";
			};
			name = Release;
		};
		8AA463AD2BAD0718007E71E9 /* Debug */ = {
			isa = XCBuildConfiguration;
			buildSettings = {
				ALWAYS_EMBED_SWIFT_STANDARD_LIBRARIES = YES;
				CODE_SIGN_STYLE = Automatic;
				CURRENT_PROJECT_VERSION = 1;
				GENERATE_INFOPLIST_FILE = YES;
				MARKETING_VERSION = 1.0;
				PRODUCT_BUNDLE_IDENTIFIER = "project.HAR-DEMO-3UITests";
				PRODUCT_NAME = "$(TARGET_NAME)";
				SWIFT_EMIT_LOC_STRINGS = NO;
				SWIFT_VERSION = 5.0;
				TARGETED_DEVICE_FAMILY = "1,2";
				TEST_TARGET_NAME = "HAR_DEMO#3";
			};
			name = Debug;
		};
		8AA463AE2BAD0718007E71E9 /* Release */ = {
			isa = XCBuildConfiguration;
			buildSettings = {
				ALWAYS_EMBED_SWIFT_STANDARD_LIBRARIES = YES;
				CODE_SIGN_STYLE = Automatic;
				CURRENT_PROJECT_VERSION = 1;
				GENERATE_INFOPLIST_FILE = YES;
				MARKETING_VERSION = 1.0;
				PRODUCT_BUNDLE_IDENTIFIER = "project.HAR-DEMO-3UITests";
				PRODUCT_NAME = "$(TARGET_NAME)";
				SWIFT_EMIT_LOC_STRINGS = NO;
				SWIFT_VERSION = 5.0;
				TARGETED_DEVICE_FAMILY = "1,2";
				TEST_TARGET_NAME = "HAR_DEMO#3";
			};
			name = Release;
		};
/* End XCBuildConfiguration section */

/* Begin XCConfigurationList section */
		8AA4637D2BAD0715007E71E9 /* Build configuration list for PBXProject "HAR_DEMO#3" */ = {
			isa = XCConfigurationList;
			buildConfigurations = (
				8AA463A42BAD0718007E71E9 /* Debug */,
				8AA463A52BAD0718007E71E9 /* Release */,
			);
			defaultConfigurationIsVisible = 0;
			defaultConfigurationName = Release;
		};
		8AA463A62BAD0718007E71E9 /* Build configuration list for PBXNativeTarget "HAR_DEMO#3" */ = {
			isa = XCConfigurationList;
			buildConfigurations = (
				8AA463A72BAD0718007E71E9 /* Debug */,
				8AA463A82BAD0718007E71E9 /* Release */,
			);
			defaultConfigurationIsVisible = 0;
			defaultConfigurationName = Release;
		};
		8AA463A92BAD0718007E71E9 /* Build configuration list for PBXNativeTarget "HAR_DEMO#3Tests" */ = {
			isa = XCConfigurationList;
			buildConfigurations = (
				8AA463AA2BAD0718007E71E9 /* Debug */,
				8AA463AB2BAD0718007E71E9 /* Release */,
			);
			defaultConfigurationIsVisible = 0;
			defaultConfigurationName = Release;
		};
		8AA463AC2BAD0718007E71E9 /* Build configuration list for PBXNativeTarget "HAR_DEMO#3UITests" */ = {
			isa = XCConfigurationList;
			buildConfigurations = (
				8AA463AD2BAD0718007E71E9 /* Debug */,
				8AA463AE2BAD0718007E71E9 /* Release */,
			);
			defaultConfigurationIsVisible = 0;
			defaultConfigurationName = Release;
		};
/* End XCConfigurationList section */
	};
	rootObject = 8AA4637A2BAD0715007E71E9 /* Project object */;
}
